<?xml version="1.0" encoding="utf-8"?>
<Project ToolsVersion="4.0" xmlns="http://schemas.microsoft.com/developer/msbuild/2003">
  <ItemGroup>
    <Filter Include="Файлы исходного кода">
      <UniqueIdentifier>{4FC737F1-C7A5-4376-A066-2A32D752A2FF}</UniqueIdentifier>
      <Extensions>cpp;c;cc;cxx;def;odl;idl;hpj;bat;asm;asmx</Extensions>
    </Filter>
    <Filter Include="Заголовочные файлы">
      <UniqueIdentifier>{93995380-89BD-4b04-88EB-625FBE52EBFB}</UniqueIdentifier>
      <Extensions>h;hpp;hxx;hm;inl;inc;xsd</Extensions>
    </Filter>
    <Filter Include="Файлы ресурсов">
      <UniqueIdentifier>{67DA6AB6-F800-4c08-8B7A-83BB121AAD01}</UniqueIdentifier>
      <Extensions>rc;ico;cur;bmp;dlg;rc2;rct;bin;rgs;gif;jpg;jpeg;jpe;resx;tiff;tif;png;wav;mfcribbon-ms</Extensions>
    </Filter>
    <Filter Include="AntiCheatPlus">
      <UniqueIdentifier>{02a27fe8-53ac-4e97-b01d-c2c29374b7cb}</UniqueIdentifier>
    </Filter>
    <Filter Include="AntiCheatPlus\Splash">
      <UniqueIdentifier>{03963ce5-9aa4-4498-b660-77645b856d9e}</UniqueIdentifier>
    </Filter>
    <Filter Include="TMemory">
      <UniqueIdentifier>{6f76fe70-d3da-4321-b769-b35d5a154187}</UniqueIdentifier>
    </Filter>
    <Filter Include="Protocol">
      <UniqueIdentifier>{d7ed5a35-cff3-4638-88f6-48ba91058dfb}</UniqueIdentifier>
    </Filter>
  </ItemGroup>
  <ItemGroup>
    <ClInclude Include="alpha.h">
      <Filter>Заголовочные файлы</Filter>
    </ClInclude>
    <ClInclude Include="base64.h">
      <Filter>Заголовочные файлы</Filter>
    </ClInclude>
    <ClInclude Include="Config.h">
      <Filter>Заголовочные файлы</Filter>
    </ClInclude>
    <ClInclude Include="Control.h">
      <Filter>Заголовочные файлы</Filter>
    </ClInclude>
    <ClInclude Include="detours.h">
      <Filter>Заголовочные файлы</Filter>
    </ClInclude>
    <ClInclude Include="ft2build.h">
      <Filter>Заголовочные файлы</Filter>
    </ClInclude>
    <ClInclude Include="glaux.h">
      <Filter>Заголовочные файлы</Filter>
    </ClInclude>
    <ClInclude Include="glhook.h">
      <Filter>Заголовочные файлы</Filter>
    </ClInclude>
    <ClInclude Include="GLUT.H">
      <Filter>Заголовочные файлы</Filter>
    </ClInclude>
    <ClInclude Include="Jewels.h">
      <Filter>Заголовочные файлы</Filter>
    </ClInclude>
    <ClInclude Include="md5.h">
      <Filter>Заголовочные файлы</Filter>
    </ClInclude>
    <ClInclude Include="Models.h">
      <Filter>Заголовочные файлы</Filter>
    </ClInclude>
    <ClInclude Include="Price.h">
      <Filter>Заголовочные файлы</Filter>
    </ClInclude>
    <ClInclude Include="resource.h">
      <Filter>Заголовочные файлы</Filter>
    </ClInclude>
    <ClInclude Include="Security.h">
      <Filter>Заголовочные файлы</Filter>
    </ClInclude>
    <ClInclude Include="stdafx.h">
      <Filter>Заголовочные файлы</Filter>
    </ClInclude>
    <ClInclude Include="targetver.h">
      <Filter>Заголовочные файлы</Filter>
    </ClInclude>
    <ClInclude Include="tga.h">
      <Filter>Заголовочные файлы</Filter>
    </ClInclude>
    <ClInclude Include="utils.h">
      <Filter>Заголовочные файлы</Filter>
    </ClInclude>
    <ClInclude Include="WeaponView.h">
      <Filter>Заголовочные файлы</Filter>
    </ClInclude>
    <ClInclude Include="Splash.h">
      <Filter>AntiCheatPlus\Splash</Filter>
    </ClInclude>
    <ClInclude Include="AntiCheatPlus.h">
      <Filter>AntiCheatPlus</Filter>
    </ClInclude>
    <ClInclude Include="TMemory.h">
      <Filter>TMemory</Filter>
    </ClInclude>
    <ClInclude Include="Protocol.h">
      <Filter>Protocol</Filter>
    </ClInclude>
  </ItemGroup>
  <ItemGroup>
    <ClCompile Include="base64.cpp">
      <Filter>Файлы исходного кода</Filter>
    </ClCompile>
    <ClCompile Include="Config.cpp">
      <Filter>Файлы исходного кода</Filter>
    </ClCompile>
    <ClCompile Include="Control.cpp">
      <Filter>Файлы исходного кода</Filter>
    </ClCompile>
    <ClCompile Include="glhook.cpp">
      <Filter>Файлы исходного кода</Filter>
    </ClCompile>
    <ClCompile Include="Jewels.cpp">
      <Filter>Файлы исходного кода</Filter>
    </ClCompile>
    <ClCompile Include="md5.cpp">
      <Filter>Файлы исходного кода</Filter>
    </ClCompile>
    <ClCompile Include="Models.cpp">
      <Filter>Файлы исходного кода</Filter>
    </ClCompile>
    <ClCompile Include="Price.cpp">
      <Filter>Файлы исходного кода</Filter>
    </ClCompile>
    <ClCompile Include="Security.cpp">
      <Filter>Файлы исходного кода</Filter>
    </ClCompile>
    <ClCompile Include="tga.cpp">
      <Filter>Файлы исходного кода</Filter>
    </ClCompile>
    <ClCompile Include="utils.cpp">
      <Filter>Файлы исходного кода</Filter>
    </ClCompile>
    <ClCompile Include="WeaponView.cpp">
      <Filter>Файлы исходного кода</Filter>
    </ClCompile>
    <ClCompile Include="Wings.cpp">
      <Filter>Файлы исходного кода</Filter>
    </ClCompile>
    <ClCompile Include="DumpDB.cpp">
      <Filter>AntiCheatPlus</Filter>
    </ClCompile>
    <ClCompile Include="Splash.cpp">
      <Filter>AntiCheatPlus\Splash</Filter>
    </ClCompile>
    <ClCompile Include="AntiCheatPlus.cpp">
      <Filter>AntiCheatPlus</Filter>
    </ClCompile>
    <ClCompile Include="TMemory.cpp">
      <Filter>TMemory</Filter>
    </ClCompile>
    <ClCompile Include="Common.cpp" />
    <ClCompile Include="Protocol.cpp">
      <Filter>Protocol</Filter>
    </ClCompile>
  </ItemGroup>
</Project>